
Microsoft Visual Studio Solution File, Format Version 12.00
# Visual Studio Version 17
VisualStudioVersion = 17.12.35209.166
MinimumVisualStudioVersion = 10.0.40219.1
Project("{FAE04EC0-301F-11D3-BF4B-00C04F79EFBC}") = "Canceliria", "Canceliria\Canceliria.csproj", "{F58D32C4-EF59-4621-9A6F-13165BDD878A}"
EndProject
Global
	GlobalSection(SolutionConfigurationPlatforms) = preSolution
		Debug|Any CPU = Debug|Any CPU
		Release|Any CPU = Release|Any CPU
	EndGlobalSection
	GlobalSection(ProjectConfigurationPlatforms) = postSolution
		{F58D32C4-EF59-4621-9A6F-13165BDD878A}.Debug|Any CPU.ActiveCfg = Debug|Any CPU
		{F58D32C4-EF59-4621-9A6F-13165BDD878A}.Debug|Any CPU.Build.0 = Debug|Any CPU
		{F58D32C4-EF59-4621-9A6F-13165BDD878A}.Release|Any CPU.ActiveCfg = Release|Any CPU
		{F58D32C4-EF59-4621-9A6F-13165BDD878A}.Release|Any CPU.Build.0 = Release|Any CPU
	EndGlobalSection
	GlobalSection(SolutionProperties) = preSolution
		HideSolutionNode = FALSE
	EndGlobalSection
	GlobalSection(ExtensibilityGlobals) = postSolution
		SolutionGuid = {5FBCEA52-C2E4-460F-A0E8-063294852614}
	EndGlobalSection
EndGlobal
